{
  "name": "@webmc/core",
  "version": "0.1.3",
  "lockfileVersion": 1,
  "requires": true,
  "dependencies": {
    "@webmc/nbt": {
      "version": "0.0.1",
      "resolved": "https://registry.npmjs.org/@webmc/nbt/-/nbt-0.0.1.tgz",
      "integrity": "sha512-ySyeOQtoUC6Pf3nICZm4ZGGiE0X3h6VXWvH/A759EVitIIT0AslCcdjkJr4EO/J7bY2PF6f0x/FkTISm/Bl5pw==",
      "requires": {
        "pako": "^2.0.3"
      }
    },
    "pako": {
      "version": "2.0.3",
      "resolved": "https://registry.npmjs.org/pako/-/pako-2.0.3.tgz",
      "integrity": "sha512-WjR1hOeg+kki3ZIOjaf4b5WVcay1jaliKSYiEaB1XzwhMQZJxRdQRv0V31EKBYlxb4T7SK3hjfc/jxyU64BoSw=="
    },
    "typescript": {
      "version": "4.1.3",
      "resolved": "https://registry.npmjs.org/typescript/-/typescript-4.1.3.tgz",
      "integrity": "sha512-B3ZIOf1IKeH2ixgHhj6la6xdwR9QrLC5d1VKeCSY4tvkqhF2eqd9O7txNlS0PO3GrBAFIdr3L1ndNwteUbZLYg==",
      "dev": true
    }
  }
}
